
Microsoft Visual Studio Solution File, Format Version 12.00
# Visual Studio Version 16
VisualStudioVersion = 16.0.34601.136
MinimumVisualStudioVersion = 10.0.40219.1
Project("{FAE04EC0-301F-11D3-BF4B-00C04F79EFBC}") = "LibMPSSENet", "LibMPSSENet.csproj", "{90130918-6F55-4C66-908F-D81291BB3CC0}"
EndProject
Project("{FAE04EC0-301F-11D3-BF4B-00C04F79EFBC}") = "MPSSE_I2C_Test", "MPSSE_I2C_Test\MPSSE_I2C_Test.csproj", "{CE5A1D24-04D3-4D53-BBFD-D9331CAFCAA8}"
EndProject
Project("{FAE04EC0-301F-11D3-BF4B-00C04F79EFBC}") = "MPSEE_SPI_Test", "MPSEE_SPI_Test\MPSEE_SPI_Test.csproj", "{EB4B2D8B-3EDF-4F2B-B8A0-C8BAD2586259}"
EndProject
Global
	GlobalSection(SolutionConfigurationPlatforms) = preSolution
		Debug|Any CPU = Debug|Any CPU
		Release|Any CPU = Release|Any CPU
	EndGlobalSection
	GlobalSection(ProjectConfigurationPlatforms) = postSolution
		{90130918-6F55-4C66-908F-D81291BB3CC0}.Debug|Any CPU.ActiveCfg = Debug|Any CPU
		{90130918-6F55-4C66-908F-D81291BB3CC0}.Debug|Any CPU.Build.0 = Debug|Any CPU
		{90130918-6F55-4C66-908F-D81291BB3CC0}.Release|Any CPU.ActiveCfg = Release|Any CPU
		{90130918-6F55-4C66-908F-D81291BB3CC0}.Release|Any CPU.Build.0 = Release|Any CPU
		{CE5A1D24-04D3-4D53-BBFD-D9331CAFCAA8}.Debug|Any CPU.ActiveCfg = Debug|Any CPU
		{CE5A1D24-04D3-4D53-BBFD-D9331CAFCAA8}.Debug|Any CPU.Build.0 = Debug|Any CPU
		{CE5A1D24-04D3-4D53-BBFD-D9331CAFCAA8}.Release|Any CPU.ActiveCfg = Release|Any CPU
		{CE5A1D24-04D3-4D53-BBFD-D9331CAFCAA8}.Release|Any CPU.Build.0 = Release|Any CPU
		{EB4B2D8B-3EDF-4F2B-B8A0-C8BAD2586259}.Debug|Any CPU.ActiveCfg = Debug|Any CPU
		{EB4B2D8B-3EDF-4F2B-B8A0-C8BAD2586259}.Debug|Any CPU.Build.0 = Debug|Any CPU
		{EB4B2D8B-3EDF-4F2B-B8A0-C8BAD2586259}.Release|Any CPU.ActiveCfg = Release|Any CPU
		{EB4B2D8B-3EDF-4F2B-B8A0-C8BAD2586259}.Release|Any CPU.Build.0 = Release|Any CPU
	EndGlobalSection
	GlobalSection(SolutionProperties) = preSolution
		HideSolutionNode = FALSE
	EndGlobalSection
	GlobalSection(ExtensibilityGlobals) = postSolution
		SolutionGuid = {05437428-2D69-4B2D-9883-6CBA66C08F64}
	EndGlobalSection
EndGlobal
